
Microsoft Visual Studio Solution File, Format Version 12.00
# Visual Studio Version 16
VisualStudioVersion = 16.0.30611.23
MinimumVisualStudioVersion = 10.0.40219.1
Project("{FAE04EC0-301F-11D3-BF4B-00C04F79EFBC}") = "ASP.NET.Core_StudentsManagement", "ASP.NET.Core_StudentsManagement\ASP.NET.Core_StudentsManagement.csproj", "{FB1366F8-A051-442A-A74A-FB2A69C334D3}"
EndProject
Global
	GlobalSection(SolutionConfigurationPlatforms) = preSolution
		Debug|Any CPU = Debug|Any CPU
		Release|Any CPU = Release|Any CPU
	EndGlobalSection
	GlobalSection(ProjectConfigurationPlatforms) = postSolution
		{FB1366F8-A051-442A-A74A-FB2A69C334D3}.Debug|Any CPU.ActiveCfg = Debug|Any CPU
		{FB1366F8-A051-442A-A74A-FB2A69C334D3}.Debug|Any CPU.Build.0 = Debug|Any CPU
		{FB1366F8-A051-442A-A74A-FB2A69C334D3}.Release|Any CPU.ActiveCfg = Release|Any CPU
		{FB1366F8-A051-442A-A74A-FB2A69C334D3}.Release|Any CPU.Build.0 = Release|Any CPU
	EndGlobalSection
	GlobalSection(SolutionProperties) = preSolution
		HideSolutionNode = FALSE
	EndGlobalSection
	GlobalSection(ExtensibilityGlobals) = postSolution
		SolutionGuid = {3FE5C7D4-CD46-4A8D-8AA0-2ED90877B850}
	EndGlobalSection
EndGlobal
